
Microsoft Visual Studio Solution File, Format Version 12.00
# Visual Studio Version 17
VisualStudioVersion = 17.0.32014.148
MinimumVisualStudioVersion = 10.0.40219.1
Project("{FAE04EC0-301F-11D3-BF4B-00C04F79EFBC}") = "WSVenta", "WSVenta\WSVenta.csproj", "{09C9B6E7-394E-44EF-BFB0-034FA6F2230F}"
EndProject
Global
	GlobalSection(SolutionConfigurationPlatforms) = preSolution
		Debug|Any CPU = Debug|Any CPU
		Release|Any CPU = Release|Any CPU
	EndGlobalSection
	GlobalSection(ProjectConfigurationPlatforms) = postSolution
		{09C9B6E7-394E-44EF-BFB0-034FA6F2230F}.Debug|Any CPU.ActiveCfg = Debug|Any CPU
		{09C9B6E7-394E-44EF-BFB0-034FA6F2230F}.Debug|Any CPU.Build.0 = Debug|Any CPU
		{09C9B6E7-394E-44EF-BFB0-034FA6F2230F}.Release|Any CPU.ActiveCfg = Release|Any CPU
		{09C9B6E7-394E-44EF-BFB0-034FA6F2230F}.Release|Any CPU.Build.0 = Release|Any CPU
	EndGlobalSection
	GlobalSection(SolutionProperties) = preSolution
		HideSolutionNode = FALSE
	EndGlobalSection
	GlobalSection(ExtensibilityGlobals) = postSolution
		SolutionGuid = {5E328D7F-F441-4FD7-8B17-05D779D9F1E1}
	EndGlobalSection
EndGlobal
